
Microsoft Visual Studio Solution File, Format Version 12.00
# Visual Studio Version 17
VisualStudioVersion = 17.11.35303.130
MinimumVisualStudioVersion = 10.0.40219.1
Project("{FAE04EC0-301F-11D3-BF4B-00C04F79EFBC}") = "SchoolDatabase", "SchoolDatabase.csproj", "{292C945B-6825-4C7A-B4BA-C5129301EF63}"
EndProject
Global
	GlobalSection(SolutionConfigurationPlatforms) = preSolution
		Debug|Any CPU = Debug|Any CPU
		Release|Any CPU = Release|Any CPU
	EndGlobalSection
	GlobalSection(ProjectConfigurationPlatforms) = postSolution
		{292C945B-6825-4C7A-B4BA-C5129301EF63}.Debug|Any CPU.ActiveCfg = Debug|Any CPU
		{292C945B-6825-4C7A-B4BA-C5129301EF63}.Debug|Any CPU.Build.0 = Debug|Any CPU
		{292C945B-6825-4C7A-B4BA-C5129301EF63}.Release|Any CPU.ActiveCfg = Release|Any CPU
		{292C945B-6825-4C7A-B4BA-C5129301EF63}.Release|Any CPU.Build.0 = Release|Any CPU
	EndGlobalSection
	GlobalSection(SolutionProperties) = preSolution
		HideSolutionNode = FALSE
	EndGlobalSection
	GlobalSection(ExtensibilityGlobals) = postSolution
		SolutionGuid = {F553FECA-F848-4580-94CB-4C79B63F24BF}
	EndGlobalSection
EndGlobal
